// !$*UTF8*$!
{
	archiveVersion = 1;
	classes = {
	};
	objectVersion = 51;
	objects = {

/* Begin PBXBuildFile section */
		225562BA246BFBB8000B3D8F /* env in Resources */ = {isa = PBXBuildFile; fileRef = 225562B9246BFBB8000B3D8F /* env */; };
		22EA10322458048600EA23F2 /* AppDelegate.m in Sources */ = {isa = PBXBuildFile; fileRef = 22EA10312458048600EA23F2 /* AppDelegate.m */; };
		22EA10382458048600EA23F2 /* ViewController.m in Sources */ = {isa = PBXBuildFile; fileRef = 22EA10372458048600EA23F2 /* ViewController.m */; };
		22EA103B2458048600EA23F2 /* Main.storyboard in Resources */ = {isa = PBXBuildFile; fileRef = 22EA10392458048600EA23F2 /* Main.storyboard */; };
		22EA103D2458048700EA23F2 /* Assets.xcassets in Resources */ = {isa = PBXBuildFile; fileRef = 22EA103C2458048700EA23F2 /* Assets.xcassets */; };
		22EA10402458048700EA23F2 /* LaunchScreen.storyboard in Resources */ = {isa = PBXBuildFile; fileRef = 22EA103E2458048700EA23F2 /* LaunchScreen.storyboard */; };
		22EA10432458048700EA23F2 /* main.m in Sources */ = {isa = PBXBuildFile; fileRef = 22EA10422458048700EA23F2 /* main.m */; };
		22EA104D2458048700EA23F2 /* ModuleBoxTests.m in Sources */ = {isa = PBXBuildFile; fileRef = 22EA104C2458048700EA23F2 /* ModuleBoxTests.m */; };
		22EA10582458048700EA23F2 /* ModuleBoxUITests.m in Sources */ = {isa = PBXBuildFile; fileRef = 22EA10572458048700EA23F2 /* ModuleBoxUITests.m */; };
		22EA10672458050400EA23F2 /* MainViewController.m in Sources */ = {isa = PBXBuildFile; fileRef = 22EA10662458050400EA23F2 /* MainViewController.m */; };
		22F73D70247E704600A002B8 /* BoxOpenApiCore.m in Sources */ = {isa = PBXBuildFile; fileRef = 22F73D6F247E704600A002B8 /* BoxOpenApiCore.m */; };
		22F73D74247E718D00A002B8 /* SecViewController.m in Sources */ = {isa = PBXBuildFile; fileRef = 22F73D73247E718D00A002B8 /* SecViewController.m */; };
		22F73D77247E719A00A002B8 /* IndexViewController.m in Sources */ = {isa = PBXBuildFile; fileRef = 22F73D76247E719A00A002B8 /* IndexViewController.m */; };
		22F73D7A247E730300A002B8 /* UINavigationController+OpenApiCore.m in Sources */ = {isa = PBXBuildFile; fileRef = 22F73D79247E730300A002B8 /* UINavigationController+OpenApiCore.m */; };
		43F47FFF3807BA38C591682B /* libPods-ModuleBox.a in Frameworks */ = {isa = PBXBuildFile; fileRef = DEE48618099489838423646F /* libPods-ModuleBox.a */; };
/* End PBXBuildFile section */

/* Begin PBXContainerItemProxy section */
		22EA10492458048700EA23F2 /* PBXContainerItemProxy */ = {
			isa = PBXContainerItemProxy;
			containerPortal = 22EA10252458048600EA23F2 /* Project object */;
			proxyType = 1;
			remoteGlobalIDString = 22EA102C2458048600EA23F2;
			remoteInfo = ModuleBox;
		};
		22EA10542458048700EA23F2 /* PBXContainerItemProxy */ = {
			isa = PBXContainerItemProxy;
			containerPortal = 22EA10252458048600EA23F2 /* Project object */;
			proxyType = 1;
			remoteGlobalIDString = 22EA102C2458048600EA23F2;
			remoteInfo = ModuleBox;
		};
/* End PBXContainerItemProxy section */

/* Begin PBXFileReference section */
		225562B9246BFBB8000B3D8F /* env */ = {isa = PBXFileReference; lastKnownFileType = folder; path = env; sourceTree = "<group>"; };
		22EA102D2458048600EA23F2 /* ModuleBox.app */ = {isa = PBXFileReference; explicitFileType = wrapper.application; includeInIndex = 0; path = ModuleBox.app; sourceTree = BUILT_PRODUCTS_DIR; };
		22EA10302458048600EA23F2 /* AppDelegate.h */ = {isa = PBXFileReference; lastKnownFileType = sourcecode.c.h; path = AppDelegate.h; sourceTree = "<group>"; };
		22EA10312458048600EA23F2 /* AppDelegate.m */ = {isa = PBXFileReference; lastKnownFileType = sourcecode.c.objc; path = AppDelegate.m; sourceTree = "<group>"; };
		22EA10362458048600EA23F2 /* ViewController.h */ = {isa = PBXFileReference; lastKnownFileType = sourcecode.c.h; path = ViewController.h; sourceTree = "<group>"; };
		22EA10372458048600EA23F2 /* ViewController.m */ = {isa = PBXFileReference; lastKnownFileType = sourcecode.c.objc; path = ViewController.m; sourceTree = "<group>"; };
		22EA103A2458048600EA23F2 /* Base */ = {isa = PBXFileReference; lastKnownFileType = file.storyboard; name = Base; path = Base.lproj/Main.storyboard; sourceTree = "<group>"; };
		22EA103C2458048700EA23F2 /* Assets.xcassets */ = {isa = PBXFileReference; lastKnownFileType = folder.assetcatalog; path = Assets.xcassets; sourceTree = "<group>"; };
		22EA103F2458048700EA23F2 /* Base */ = {isa = PBXFileReference; lastKnownFileType = file.storyboard; name = Base; path = Base.lproj/LaunchScreen.storyboard; sourceTree = "<group>"; };
		22EA10412458048700EA23F2 /* Info.plist */ = {isa = PBXFileReference; lastKnownFileType = text.plist.xml; path = Info.plist; sourceTree = "<group>"; };
		22EA10422458048700EA23F2 /* main.m */ = {isa = PBXFileReference; lastKnownFileType = sourcecode.c.objc; path = main.m; sourceTree = "<group>"; };
		22EA10482458048700EA23F2 /* ModuleBoxTests.xctest */ = {isa = PBXFileReference; explicitFileType = wrapper.cfbundle; includeInIndex = 0; path = ModuleBoxTests.xctest; sourceTree = BUILT_PRODUCTS_DIR; };
		22EA104C2458048700EA23F2 /* ModuleBoxTests.m */ = {isa = PBXFileReference; lastKnownFileType = sourcecode.c.objc; path = ModuleBoxTests.m; sourceTree = "<group>"; };
		22EA104E2458048700EA23F2 /* Info.plist */ = {isa = PBXFileReference; lastKnownFileType = text.plist.xml; path = Info.plist; sourceTree = "<group>"; };
		22EA10532458048700EA23F2 /* ModuleBoxUITests.xctest */ = {isa = PBXFileReference; explicitFileType = wrapper.cfbundle; includeInIndex = 0; path = ModuleBoxUITests.xctest; sourceTree = BUILT_PRODUCTS_DIR; };
		22EA10572458048700EA23F2 /* ModuleBoxUITests.m */ = {isa = PBXFileReference; lastKnownFileType = sourcecode.c.objc; path = ModuleBoxUITests.m; sourceTree = "<group>"; };
		22EA10592458048700EA23F2 /* Info.plist */ = {isa = PBXFileReference; lastKnownFileType = text.plist.xml; path = Info.plist; sourceTree = "<group>"; };
		22EA10652458050400EA23F2 /* MainViewController.h */ = {isa = PBXFileReference; lastKnownFileType = sourcecode.c.h; path = MainViewController.h; sourceTree = "<group>"; };
		22EA10662458050400EA23F2 /* MainViewController.m */ = {isa = PBXFileReference; lastKnownFileType = sourcecode.c.objc; path = MainViewController.m; sourceTree = "<group>"; };
		22F73D6D247E701D00A002B8 /* BoxOpenApiHeader.h */ = {isa = PBXFileReference; lastKnownFileType = sourcecode.c.h; path = BoxOpenApiHeader.h; sourceTree = "<group>"; };
		22F73D6E247E704600A002B8 /* BoxOpenApiCore.h */ = {isa = PBXFileReference; lastKnownFileType = sourcecode.c.h; path = BoxOpenApiCore.h; sourceTree = "<group>"; };
		22F73D6F247E704600A002B8 /* BoxOpenApiCore.m */ = {isa = PBXFileReference; lastKnownFileType = sourcecode.c.objc; path = BoxOpenApiCore.m; sourceTree = "<group>"; };
		22F73D71247E711400A002B8 /* BoxOpenApiProtocol.h */ = {isa = PBXFileReference; lastKnownFileType = sourcecode.c.h; path = BoxOpenApiProtocol.h; sourceTree = "<group>"; };
		22F73D72247E718D00A002B8 /* SecViewController.h */ = {isa = PBXFileReference; lastKnownFileType = sourcecode.c.h; path = SecViewController.h; sourceTree = "<group>"; };
		22F73D73247E718D00A002B8 /* SecViewController.m */ = {isa = PBXFileReference; lastKnownFileType = sourcecode.c.objc; path = SecViewController.m; sourceTree = "<group>"; };
		22F73D75247E719A00A002B8 /* IndexViewController.h */ = {isa = PBXFileReference; lastKnownFileType = sourcecode.c.h; path = IndexViewController.h; sourceTree = "<group>"; };
		22F73D76247E719A00A002B8 /* IndexViewController.m */ = {isa = PBXFileReference; lastKnownFileType = sourcecode.c.objc; path = IndexViewController.m; sourceTree = "<group>"; };
		22F73D78247E730300A002B8 /* UINavigationController+OpenApiCore.h */ = {isa = PBXFileReference; lastKnownFileType = sourcecode.c.h; path = "UINavigationController+OpenApiCore.h"; sourceTree = "<group>"; };
		22F73D79247E730300A002B8 /* UINavigationController+OpenApiCore.m */ = {isa = PBXFileReference; lastKnownFileType = sourcecode.c.objc; path = "UINavigationController+OpenApiCore.m"; sourceTree = "<group>"; };
		2E68212F13572E16F0A50C61 /* Pods-ModuleBox.release.xcconfig */ = {isa = PBXFileReference; includeInIndex = 1; lastKnownFileType = text.xcconfig; name = "Pods-ModuleBox.release.xcconfig"; path = "Target Support Files/Pods-ModuleBox/Pods-ModuleBox.release.xcconfig"; sourceTree = "<group>"; };
		DEE48618099489838423646F /* libPods-ModuleBox.a */ = {isa = PBXFileReference; explicitFileType = archive.ar; includeInIndex = 0; path = "libPods-ModuleBox.a"; sourceTree = BUILT_PRODUCTS_DIR; };
		FAAE0019495E8C37780C6B1C /* Pods-ModuleBox.debug.xcconfig */ = {isa = PBXFileReference; includeInIndex = 1; lastKnownFileType = text.xcconfig; name = "Pods-ModuleBox.debug.xcconfig"; path = "Target Support Files/Pods-ModuleBox/Pods-ModuleBox.debug.xcconfig"; sourceTree = "<group>"; };
/* End PBXFileReference section */

/* Begin PBXFrameworksBuildPhase section */
		22EA102A2458048600EA23F2 /* Frameworks */ = {
			isa = PBXFrameworksBuildPhase;
			buildActionMask = 2147483647;
			files = (
				43F47FFF3807BA38C591682B /* libPods-ModuleBox.a in Frameworks */,
			);
			runOnlyForDeploymentPostprocessing = 0;
		};
		22EA10452458048700EA23F2 /* Frameworks */ = {
			isa = PBXFrameworksBuildPhase;
			buildActionMask = 2147483647;
			files = (
			);
			runOnlyForDeploymentPostprocessing = 0;
		};
		22EA10502458048700EA23F2 /* Frameworks */ = {
			isa = PBXFrameworksBuildPhase;
			buildActionMask = 2147483647;
			files = (
			);
			runOnlyForDeploymentPostprocessing = 0;
		};
/* End PBXFrameworksBuildPhase section */

/* Begin PBXGroup section */
		22EA10242458048600EA23F2 = {
			isa = PBXGroup;
			children = (
				225562B9246BFBB8000B3D8F /* env */,
				22EA102F2458048600EA23F2 /* ModuleBox */,
				22EA104B2458048700EA23F2 /* ModuleBoxTests */,
				22EA10562458048700EA23F2 /* ModuleBoxUITests */,
				22EA102E2458048600EA23F2 /* Products */,
				78AC61ADA3FA3755BB2352A2 /* Pods */,
				A9EBB59BA4E8D061808DEF30 /* Frameworks */,
			);
			sourceTree = "<group>";
		};
		22EA102E2458048600EA23F2 /* Products */ = {
			isa = PBXGroup;
			children = (
				22EA102D2458048600EA23F2 /* ModuleBox.app */,
				22EA10482458048700EA23F2 /* ModuleBoxTests.xctest */,
				22EA10532458048700EA23F2 /* ModuleBoxUITests.xctest */,
			);
			name = Products;
			sourceTree = "<group>";
		};
		22EA102F2458048600EA23F2 /* ModuleBox */ = {
			isa = PBXGroup;
			children = (
				22F73D6C247E6FF000A002B8 /* OpenApi */,
				22EA10302458048600EA23F2 /* AppDelegate.h */,
				22EA10312458048600EA23F2 /* AppDelegate.m */,
				22EA10362458048600EA23F2 /* ViewController.h */,
				22EA10372458048600EA23F2 /* ViewController.m */,
				22EA10392458048600EA23F2 /* Main.storyboard */,
				22EA103C2458048700EA23F2 /* Assets.xcassets */,
				22EA103E2458048700EA23F2 /* LaunchScreen.storyboard */,
				22EA10412458048700EA23F2 /* Info.plist */,
				22EA10422458048700EA23F2 /* main.m */,
				22EA10652458050400EA23F2 /* MainViewController.h */,
				22EA10662458050400EA23F2 /* MainViewController.m */,
				22F73D72247E718D00A002B8 /* SecViewController.h */,
				22F73D73247E718D00A002B8 /* SecViewController.m */,
				22F73D75247E719A00A002B8 /* IndexViewController.h */,
				22F73D76247E719A00A002B8 /* IndexViewController.m */,
			);
			path = ModuleBox;
			sourceTree = "<group>";
		};
		22EA104B2458048700EA23F2 /* ModuleBoxTests */ = {
			isa = PBXGroup;
			children = (
				22EA104C2458048700EA23F2 /* ModuleBoxTests.m */,
				22EA104E2458048700EA23F2 /* Info.plist */,
			);
			path = ModuleBoxTests;
			sourceTree = "<group>";
		};
		22EA10562458048700EA23F2 /* ModuleBoxUITests */ = {
			isa = PBXGroup;
			children = (
				22EA10572458048700EA23F2 /* ModuleBoxUITests.m */,
				22EA10592458048700EA23F2 /* Info.plist */,
			);
			path = ModuleBoxUITests;
			sourceTree = "<group>";
		};
		22F73D6C247E6FF000A002B8 /* OpenApi */ = {
			isa = PBXGroup;
			children = (
				22F73D6D247E701D00A002B8 /* BoxOpenApiHeader.h */,
				22F73D6E247E704600A002B8 /* BoxOpenApiCore.h */,
				22F73D6F247E704600A002B8 /* BoxOpenApiCore.m */,
				22F73D71247E711400A002B8 /* BoxOpenApiProtocol.h */,
				22F73D78247E730300A002B8 /* UINavigationController+OpenApiCore.h */,
				22F73D79247E730300A002B8 /* UINavigationController+OpenApiCore.m */,
			);
			path = OpenApi;
			sourceTree = "<group>";
		};
		78AC61ADA3FA3755BB2352A2 /* Pods */ = {
			isa = PBXGroup;
			children = (
				FAAE0019495E8C37780C6B1C /* Pods-ModuleBox.debug.xcconfig */,
				2E68212F13572E16F0A50C61 /* Pods-ModuleBox.release.xcconfig */,
			);
			path = Pods;
			sourceTree = "<group>";
		};
		A9EBB59BA4E8D061808DEF30 /* Frameworks */ = {
			isa = PBXGroup;
			children = (
				DEE48618099489838423646F /* libPods-ModuleBox.a */,
			);
			name = Frameworks;
			sourceTree = "<group>";
		};
/* End PBXGroup section */

/* Begin PBXNativeTarget section */
		22EA102C2458048600EA23F2 /* ModuleBox */ = {
			isa = PBXNativeTarget;
			buildConfigurationList = 22EA105C2458048700EA23F2 /* Build configuration list for PBXNativeTarget "ModuleBox" */;
			buildPhases = (
				C1D526F5D2501E2AD39154FC /* [CP] Check Pods Manifest.lock */,
				22EA10292458048600EA23F2 /* Sources */,
				22EA102A2458048600EA23F2 /* Frameworks */,
				22EA102B2458048600EA23F2 /* Resources */,
				0850EB8CE435569D2C66C869 /* [CP] Copy Pods Resources */,
			);
			buildRules = (
			);
			dependencies = (
			);
			name = ModuleBox;
			productName = ModuleBox;
			productReference = 22EA102D2458048600EA23F2 /* ModuleBox.app */;
			productType = "com.apple.product-type.application";
		};
		22EA10472458048700EA23F2 /* ModuleBoxTests */ = {
			isa = PBXNativeTarget;
			buildConfigurationList = 22EA105F2458048700EA23F2 /* Build configuration list for PBXNativeTarget "ModuleBoxTests" */;
			buildPhases = (
				22EA10442458048700EA23F2 /* Sources */,
				22EA10452458048700EA23F2 /* Frameworks */,
				22EA10462458048700EA23F2 /* Resources */,
			);
			buildRules = (
			);
			dependencies = (
				22EA104A2458048700EA23F2 /* PBXTargetDependency */,
			);
			name = ModuleBoxTests;
			productName = ModuleBoxTests;
			productReference = 22EA10482458048700EA23F2 /* ModuleBoxTests.xctest */;
			productType = "com.apple.product-type.bundle.unit-test";
		};
		22EA10522458048700EA23F2 /* ModuleBoxUITests */ = {
			isa = PBXNativeTarget;
			buildConfigurationList = 22EA10622458048700EA23F2 /* Build configuration list for PBXNativeTarget "ModuleBoxUITests" */;
			buildPhases = (
				22EA104F2458048700EA23F2 /* Sources */,
				22EA10502458048700EA23F2 /* Frameworks */,
				22EA10512458048700EA23F2 /* Resources */,
			);
			buildRules = (
			);
			dependencies = (
				22EA10552458048700EA23F2 /* PBXTargetDependency */,
			);
			name = ModuleBoxUITests;
			productName = ModuleBoxUITests;
			productReference = 22EA10532458048700EA23F2 /* ModuleBoxUITests.xctest */;
			productType = "com.apple.product-type.bundle.ui-testing";
		};
/* End PBXNativeTarget section */

/* Begin PBXProject section */
		22EA10252458048600EA23F2 /* Project object */ = {
			isa = PBXProject;
			attributes = {
				LastUpgradeCheck = 1140;
				ORGANIZATIONNAME = ZZG;
				TargetAttributes = {
					22EA102C2458048600EA23F2 = {
						CreatedOnToolsVersion = 11.4;
					};
					22EA10472458048700EA23F2 = {
						CreatedOnToolsVersion = 11.4;
						TestTargetID = 22EA102C2458048600EA23F2;
					};
					22EA10522458048700EA23F2 = {
						CreatedOnToolsVersion = 11.4;
						TestTargetID = 22EA102C2458048600EA23F2;
					};
				};
			};
			buildConfigurationList = 22EA10282458048600EA23F2 /* Build configuration list for PBXProject "ModuleBox" */;
			compatibilityVersion = "Xcode 9.3";
			developmentRegion = en;
			hasScannedForEncodings = 0;
			knownRegions = (
				en,
				Base,
			);
			mainGroup = 22EA10242458048600EA23F2;
			productRefGroup = 22EA102E2458048600EA23F2 /* Products */;
			projectDirPath = "";
			projectRoot = "";
			targets = (
				22EA102C2458048600EA23F2 /* ModuleBox */,
				22EA10472458048700EA23F2 /* ModuleBoxTests */,
				22EA10522458048700EA23F2 /* ModuleBoxUITests */,
			);
		};
/* End PBXProject section */

/* Begin PBXResourcesBuildPhase section */
		22EA102B2458048600EA23F2 /* Resources */ = {
			isa = PBXResourcesBuildPhase;
			buildActionMask = 2147483647;
			files = (
				225562BA246BFBB8000B3D8F /* env in Resources */,
				22EA10402458048700EA23F2 /* LaunchScreen.storyboard in Resources */,
				22EA103D2458048700EA23F2 /* Assets.xcassets in Resources */,
				22EA103B2458048600EA23F2 /* Main.storyboard in Resources */,
			);
			runOnlyForDeploymentPostprocessing = 0;
		};
		22EA10462458048700EA23F2 /* Resources */ = {
			isa = PBXResourcesBuildPhase;
			buildActionMask = 2147483647;
			files = (
			);
			runOnlyForDeploymentPostprocessing = 0;
		};
		22EA10512458048700EA23F2 /* Resources */ = {
			isa = PBXResourcesBuildPhase;
			buildActionMask = 2147483647;
			files = (
			);
			runOnlyForDeploymentPostprocessing = 0;
		};
/* End PBXResourcesBuildPhase section */

/* Begin PBXShellScriptBuildPhase section */
		0850EB8CE435569D2C66C869 /* [CP] Copy Pods Resources */ = {
			isa = PBXShellScriptBuildPhase;
			buildActionMask = 2147483647;
			files = (
			);
			inputFileListPaths = (
				"${PODS_ROOT}/Target Support Files/Pods-ModuleBox/Pods-ModuleBox-resources-${CONFIGURATION}-input-files.xcfilelist",
			);
			name = "[CP] Copy Pods Resources";
			outputFileListPaths = (
				"${PODS_ROOT}/Target Support Files/Pods-ModuleBox/Pods-ModuleBox-resources-${CONFIGURATION}-output-files.xcfilelist",
			);
			runOnlyForDeploymentPostprocessing = 0;
			shellPath = /bin/sh;
			shellScript = "\"${PODS_ROOT}/Target Support Files/Pods-ModuleBox/Pods-ModuleBox-resources.sh\"\n";
			showEnvVarsInLog = 0;
		};
		C1D526F5D2501E2AD39154FC /* [CP] Check Pods Manifest.lock */ = {
			isa = PBXShellScriptBuildPhase;
			buildActionMask = 2147483647;
			files = (
			);
			inputPaths = (
				"${PODS_PODFILE_DIR_PATH}/Podfile.lock",
				"${PODS_ROOT}/Manifest.lock",
			);
			name = "[CP] Check Pods Manifest.lock";
			outputPaths = (
				"$(DERIVED_FILE_DIR)/Pods-ModuleBox-checkManifestLockResult.txt",
			);
			runOnlyForDeploymentPostprocessing = 0;
			shellPath = /bin/sh;
			shellScript = "diff \"${PODS_PODFILE_DIR_PATH}/Podfile.lock\" \"${PODS_ROOT}/Manifest.lock\" > /dev/null\nif [ $? != 0 ] ; then\n    # print error to STDERR\n    echo \"error: The sandbox is not in sync with the Podfile.lock. Run 'pod install' or update your CocoaPods installation.\" >&2\n    exit 1\nfi\n# This output is used by Xcode 'outputs' to avoid re-running this script phase.\necho \"SUCCESS\" > \"${SCRIPT_OUTPUT_FILE_0}\"\n";
			showEnvVarsInLog = 0;
		};
/* End PBXShellScriptBuildPhase section */

/* Begin PBXSourcesBuildPhase section */
		22EA10292458048600EA23F2 /* Sources */ = {
			isa = PBXSourcesBuildPhase;
			buildActionMask = 2147483647;
			files = (
				22F73D74247E718D00A002B8 /* SecViewController.m in Sources */,
				22F73D7A247E730300A002B8 /* UINavigationController+OpenApiCore.m in Sources */,
				22F73D77247E719A00A002B8 /* IndexViewController.m in Sources */,
				22EA10382458048600EA23F2 /* ViewController.m in Sources */,
				22EA10322458048600EA23F2 /* AppDelegate.m in Sources */,
				22F73D70247E704600A002B8 /* BoxOpenApiCore.m in Sources */,
				22EA10432458048700EA23F2 /* main.m in Sources */,
				22EA10672458050400EA23F2 /* MainViewController.m in Sources */,
			);
			runOnlyForDeploymentPostprocessing = 0;
		};
		22EA10442458048700EA23F2 /* Sources */ = {
			isa = PBXSourcesBuildPhase;
			buildActionMask = 2147483647;
			files = (
				22EA104D2458048700EA23F2 /* ModuleBoxTests.m in Sources */,
			);
			runOnlyForDeploymentPostprocessing = 0;
		};
		22EA104F2458048700EA23F2 /* Sources */ = {
			isa = PBXSourcesBuildPhase;
			buildActionMask = 2147483647;
			files = (
				22EA10582458048700EA23F2 /* ModuleBoxUITests.m in Sources */,
			);
			runOnlyForDeploymentPostprocessing = 0;
		};
/* End PBXSourcesBuildPhase section */

/* Begin PBXTargetDependency section */
		22EA104A2458048700EA23F2 /* PBXTargetDependency */ = {
			isa = PBXTargetDependency;
			target = 22EA102C2458048600EA23F2 /* ModuleBox */;
			targetProxy = 22EA10492458048700EA23F2 /* PBXContainerItemProxy */;
		};
		22EA10552458048700EA23F2 /* PBXTargetDependency */ = {
			isa = PBXTargetDependency;
			target = 22EA102C2458048600EA23F2 /* ModuleBox */;
			targetProxy = 22EA10542458048700EA23F2 /* PBXContainerItemProxy */;
		};
/* End PBXTargetDependency section */

/* Begin PBXVariantGroup section */
		22EA10392458048600EA23F2 /* Main.storyboard */ = {
			isa = PBXVariantGroup;
			children = (
				22EA103A2458048600EA23F2 /* Base */,
			);
			name = Main.storyboard;
			sourceTree = "<group>";
		};
		22EA103E2458048700EA23F2 /* LaunchScreen.storyboard */ = {
			isa = PBXVariantGroup;
			children = (
				22EA103F2458048700EA23F2 /* Base */,
			);
			name = LaunchScreen.storyboard;
			sourceTree = "<group>";
		};
/* End PBXVariantGroup section */

/* Begin XCBuildConfiguration section */
		22EA105A2458048700EA23F2 /* Debug */ = {
			isa = XCBuildConfiguration;
			buildSettings = {
				ALWAYS_SEARCH_USER_PATHS = NO;
				CLANG_ANALYZER_NONNULL = YES;
				CLANG_ANALYZER_NUMBER_OBJECT_CONVERSION = YES_AGGRESSIVE;
				CLANG_CXX_LANGUAGE_STANDARD = "gnu++14";
				CLANG_CXX_LIBRARY = "libc++";
				CLANG_ENABLE_MODULES = YES;
				CLANG_ENABLE_OBJC_ARC = YES;
				CLANG_ENABLE_OBJC_WEAK = YES;
				CLANG_WARN_BLOCK_CAPTURE_AUTORELEASING = YES;
				CLANG_WARN_BOOL_CONVERSION = YES;
				CLANG_WARN_COMMA = YES;
				CLANG_WARN_CONSTANT_CONVERSION = YES;
				CLANG_WARN_DEPRECATED_OBJC_IMPLEMENTATIONS = YES;
				CLANG_WARN_DIRECT_OBJC_ISA_USAGE = YES_ERROR;
				CLANG_WARN_DOCUMENTATION_COMMENTS = YES;
				CLANG_WARN_EMPTY_BODY = YES;
				CLANG_WARN_ENUM_CONVERSION = YES;
				CLANG_WARN_INFINITE_RECURSION = YES;
				CLANG_WARN_INT_CONVERSION = YES;
				CLANG_WARN_NON_LITERAL_NULL_CONVERSION = YES;
				CLANG_WARN_OBJC_IMPLICIT_RETAIN_SELF = YES;
				CLANG_WARN_OBJC_LITERAL_CONVERSION = YES;
				CLANG_WARN_OBJC_ROOT_CLASS = YES_ERROR;
				CLANG_WARN_RANGE_LOOP_ANALYSIS = YES;
				CLANG_WARN_STRICT_PROTOTYPES = YES;
				CLANG_WARN_SUSPICIOUS_MOVE = YES;
				CLANG_WARN_UNGUARDED_AVAILABILITY = YES_AGGRESSIVE;
				CLANG_WARN_UNREACHABLE_CODE = YES;
				CLANG_WARN__DUPLICATE_METHOD_MATCH = YES;
				COPY_PHASE_STRIP = NO;
				DEBUG_INFORMATION_FORMAT = dwarf;
				ENABLE_STRICT_OBJC_MSGSEND = YES;
				ENABLE_TESTABILITY = YES;
				GCC_C_LANGUAGE_STANDARD = gnu11;
				GCC_DYNAMIC_NO_PIC = NO;
				GCC_NO_COMMON_BLOCKS = YES;
				GCC_OPTIMIZATION_LEVEL = 0;
				GCC_PREPROCESSOR_DEFINITIONS = (
					"DEBUG=1",
					"$(inherited)",
				);
				GCC_WARN_64_TO_32_BIT_CONVERSION = YES;
				GCC_WARN_ABOUT_RETURN_TYPE = YES_ERROR;
				GCC_WARN_UNDECLARED_SELECTOR = YES;
				GCC_WARN_UNINITIALIZED_AUTOS = YES_AGGRESSIVE;
				GCC_WARN_UNUSED_FUNCTION = YES;
				GCC_WARN_UNUSED_VARIABLE = YES;
				IPHONEOS_DEPLOYMENT_TARGET = 13.4;
				MTL_ENABLE_DEBUG_INFO = INCLUDE_SOURCE;
				MTL_FAST_MATH = YES;
				ONLY_ACTIVE_ARCH = YES;
				SDKROOT = iphoneos;
			};
			name = Debug;
		};
		22EA105B2458048700EA23F2 /* Release */ = {
			isa = XCBuildConfiguration;
			buildSettings = {
				ALWAYS_SEARCH_USER_PATHS = NO;
				CLANG_ANALYZER_NONNULL = YES;
				CLANG_ANALYZER_NUMBER_OBJECT_CONVERSION = YES_AGGRESSIVE;
				CLANG_CXX_LANGUAGE_STANDARD = "gnu++14";
				CLANG_CXX_LIBRARY = "libc++";
				CLANG_ENABLE_MODULES = YES;
				CLANG_ENABLE_OBJC_ARC = YES;
				CLANG_ENABLE_OBJC_WEAK = YES;
				CLANG_WARN_BLOCK_CAPTURE_AUTORELEASING = YES;
				CLANG_WARN_BOOL_CONVERSION = YES;
				CLANG_WARN_COMMA = YES;
				CLANG_WARN_CONSTANT_CONVERSION = YES;
				CLANG_WARN_DEPRECATED_OBJC_IMPLEMENTATIONS = YES;
				CLANG_WARN_DIRECT_OBJC_ISA_USAGE = YES_ERROR;
				CLANG_WARN_DOCUMENTATION_COMMENTS = YES;
				CLANG_WARN_EMPTY_BODY = YES;
				CLANG_WARN_ENUM_CONVERSION = YES;
				CLANG_WARN_INFINITE_RECURSION = YES;
				CLANG_WARN_INT_CONVERSION = YES;
				CLANG_WARN_NON_LITERAL_NULL_CONVERSION = YES;
				CLANG_WARN_OBJC_IMPLICIT_RETAIN_SELF = YES;
				CLANG_WARN_OBJC_LITERAL_CONVERSION = YES;
				CLANG_WARN_OBJC_ROOT_CLASS = YES_ERROR;
				CLANG_WARN_RANGE_LOOP_ANALYSIS = YES;
				CLANG_WARN_STRICT_PROTOTYPES = YES;
				CLANG_WARN_SUSPICIOUS_MOVE = YES;
				CLANG_WARN_UNGUARDED_AVAILABILITY = YES_AGGRESSIVE;
				CLANG_WARN_UNREACHABLE_CODE = YES;
				CLANG_WARN__DUPLICATE_METHOD_MATCH = YES;
				COPY_PHASE_STRIP = NO;
				DEBUG_INFORMATION_FORMAT = "dwarf-with-dsym";
				ENABLE_NS_ASSERTIONS = NO;
				ENABLE_STRICT_OBJC_MSGSEND = YES;
				GCC_C_LANGUAGE_STANDARD = gnu11;
				GCC_NO_COMMON_BLOCKS = YES;
				GCC_WARN_64_TO_32_BIT_CONVERSION = YES;
				GCC_WARN_ABOUT_RETURN_TYPE = YES_ERROR;
				GCC_WARN_UNDECLARED_SELECTOR = YES;
				GCC_WARN_UNINITIALIZED_AUTOS = YES_AGGRESSIVE;
				GCC_WARN_UNUSED_FUNCTION = YES;
				GCC_WARN_UNUSED_VARIABLE = YES;
				IPHONEOS_DEPLOYMENT_TARGET = 13.4;
				MTL_ENABLE_DEBUG_INFO = NO;
				MTL_FAST_MATH = YES;
				SDKROOT = iphoneos;
				VALIDATE_PRODUCT = YES;
			};
			name = Release;
		};
		22EA105D2458048700EA23F2 /* Debug */ = {
			isa = XCBuildConfiguration;
			baseConfigurationReference = FAAE0019495E8C37780C6B1C /* Pods-ModuleBox.debug.xcconfig */;
			buildSettings = {
				ASSETCATALOG_COMPILER_APPICON_NAME = AppIcon;
				CODE_SIGN_STYLE = Automatic;
				INFOPLIST_FILE = ModuleBox/Info.plist;
				LD_RUNPATH_SEARCH_PATHS = (
					"$(inherited)",
					"@executable_path/Frameworks",
				);
				PRODUCT_BUNDLE_IDENTIFIER = ddd.ModuleBox;
				PRODUCT_NAME = "$(TARGET_NAME)";
				TARGETED_DEVICE_FAMILY = "1,2";
			};
			name = Debug;
		};
		22EA105E2458048700EA23F2 /* Release */ = {
			isa = XCBuildConfiguration;
			baseConfigurationReference = 2E68212F13572E16F0A50C61 /* Pods-ModuleBox.release.xcconfig */;
			buildSettings = {
				ASSETCATALOG_COMPILER_APPICON_NAME = AppIcon;
				CODE_SIGN_STYLE = Automatic;
				INFOPLIST_FILE = ModuleBox/Info.plist;
				LD_RUNPATH_SEARCH_PATHS = (
					"$(inherited)",
					"@executable_path/Frameworks",
				);
				PRODUCT_BUNDLE_IDENTIFIER = ddd.ModuleBox;
				PRODUCT_NAME = "$(TARGET_NAME)";
				TARGETED_DEVICE_FAMILY = "1,2";
			};
			name = Release;
		};
		22EA10602458048700EA23F2 /* Debug */ = {
			isa = XCBuildConfiguration;
			buildSettings = {
				BUNDLE_LOADER = "$(TEST_HOST)";
				CODE_SIGN_STYLE = Automatic;
				INFOPLIST_FILE = ModuleBoxTests/Info.plist;
				IPHONEOS_DEPLOYMENT_TARGET = 13.4;
				LD_RUNPATH_SEARCH_PATHS = (
					"$(inherited)",
					"@executable_path/Frameworks",
					"@loader_path/Frameworks",
				);
				PRODUCT_BUNDLE_IDENTIFIER = ddd.ModuleBoxTests;
				PRODUCT_NAME = "$(TARGET_NAME)";
				TARGETED_DEVICE_FAMILY = "1,2";
				TEST_HOST = "$(BUILT_PRODUCTS_DIR)/ModuleBox.app/ModuleBox";
			};
			name = Debug;
		};
		22EA10612458048700EA23F2 /* Release */ = {
			isa = XCBuildConfiguration;
			buildSettings = {
				BUNDLE_LOADER = "$(TEST_HOST)";
				CODE_SIGN_STYLE = Automatic;
				INFOPLIST_FILE = ModuleBoxTests/Info.plist;
				IPHONEOS_DEPLOYMENT_TARGET = 13.4;
				LD_RUNPATH_SEARCH_PATHS = (
					"$(inherited)",
					"@executable_path/Frameworks",
					"@loader_path/Frameworks",
				);
				PRODUCT_BUNDLE_IDENTIFIER = ddd.ModuleBoxTests;
				PRODUCT_NAME = "$(TARGET_NAME)";
				TARGETED_DEVICE_FAMILY = "1,2";
				TEST_HOST = "$(BUILT_PRODUCTS_DIR)/ModuleBox.app/ModuleBox";
			};
			name = Release;
		};
		22EA10632458048700EA23F2 /* Debug */ = {
			isa = XCBuildConfiguration;
			buildSettings = {
				CODE_SIGN_STYLE = Automatic;
				INFOPLIST_FILE = ModuleBoxUITests/Info.plist;
				LD_RUNPATH_SEARCH_PATHS = (
					"$(inherited)",
					"@executable_path/Frameworks",
					"@loader_path/Frameworks",
				);
				PRODUCT_BUNDLE_IDENTIFIER = ddd.ModuleBoxUITests;
				PRODUCT_NAME = "$(TARGET_NAME)";
				TARGETED_DEVICE_FAMILY = "1,2";
				TEST_TARGET_NAME = ModuleBox;
			};
			name = Debug;
		};
		22EA10642458048700EA23F2 /* Release */ = {
			isa = XCBuildConfiguration;
			buildSettings = {
				CODE_SIGN_STYLE = Automatic;
				INFOPLIST_FILE = ModuleBoxUITests/Info.plist;
				LD_RUNPATH_SEARCH_PATHS = (
					"$(inherited)",
					"@executable_path/Frameworks",
					"@loader_path/Frameworks",
				);
				PRODUCT_BUNDLE_IDENTIFIER = ddd.ModuleBoxUITests;
				PRODUCT_NAME = "$(TARGET_NAME)";
				TARGETED_DEVICE_FAMILY = "1,2";
				TEST_TARGET_NAME = ModuleBox;
			};
			name = Release;
		};
/* End XCBuildConfiguration section */

/* Begin XCConfigurationList section */
		22EA10282458048600EA23F2 /* Build configuration list for PBXProject "ModuleBox" */ = {
			isa = XCConfigurationList;
			buildConfigurations = (
				22EA105A2458048700EA23F2 /* Debug */,
				22EA105B2458048700EA23F2 /* Release */,
			);
			defaultConfigurationIsVisible = 0;
			defaultConfigurationName = Release;
		};
		22EA105C2458048700EA23F2 /* Build configuration list for PBXNativeTarget "ModuleBox" */ = {
			isa = XCConfigurationList;
			buildConfigurations = (
				22EA105D2458048700EA23F2 /* Debug */,
				22EA105E2458048700EA23F2 /* Release */,
			);
			defaultConfigurationIsVisible = 0;
			defaultConfigurationName = Release;
		};
		22EA105F2458048700EA23F2 /* Build configuration list for PBXNativeTarget "ModuleBoxTests" */ = {
			isa = XCConfigurationList;
			buildConfigurations = (
				22EA10602458048700EA23F2 /* Debug */,
				22EA10612458048700EA23F2 /* Release */,
			);
			defaultConfigurationIsVisible = 0;
			defaultConfigurationName = Release;
		};
		22EA10622458048700EA23F2 /* Build configuration list for PBXNativeTarget "ModuleBoxUITests" */ = {
			isa = XCConfigurationList;
			buildConfigurations = (
				22EA10632458048700EA23F2 /* Debug */,
				22EA10642458048700EA23F2 /* Release */,
			);
			defaultConfigurationIsVisible = 0;
			defaultConfigurationName = Release;
		};
/* End XCConfigurationList section */
	};
	rootObject = 22EA10252458048600EA23F2 /* Project object */;
}
